
Microsoft Visual Studio Solution File, Format Version 12.00
# Visual Studio Version 16
VisualStudioVersion = 16.0.32901.82
MinimumVisualStudioVersion = 10.0.40219.1
Project("{FAE04EC0-301F-11D3-BF4B-00C04F79EFBC}") = "EsportsApp", "..\EsportsApp\EsportsApp.csproj", "{78823042-DED9-402A-BF7D-B3393F329BD5}"
EndProject
Global
	GlobalSection(SolutionConfigurationPlatforms) = preSolution
		Debug|Any CPU = Debug|Any CPU
		Release|Any CPU = Release|Any CPU
	EndGlobalSection
	GlobalSection(ProjectConfigurationPlatforms) = postSolution
		{78823042-DED9-402A-BF7D-B3393F329BD5}.Debug|Any CPU.ActiveCfg = Debug|Any CPU
		{78823042-DED9-402A-BF7D-B3393F329BD5}.Debug|Any CPU.Build.0 = Debug|Any CPU
		{78823042-DED9-402A-BF7D-B3393F329BD5}.Release|Any CPU.ActiveCfg = Release|Any CPU
		{78823042-DED9-402A-BF7D-B3393F329BD5}.Release|Any CPU.Build.0 = Release|Any CPU
	EndGlobalSection
	GlobalSection(SolutionProperties) = preSolution
		HideSolutionNode = FALSE
	EndGlobalSection
	GlobalSection(ExtensibilityGlobals) = postSolution
		SolutionGuid = {A9B459C4-ABD0-41EA-BEA8-C4F535593839}
	EndGlobalSection
EndGlobal
